
Microsoft Visual Studio Solution File, Format Version 12.00
# Visual Studio Version 17
VisualStudioVersion = 17.14.36414.22
MinimumVisualStudioVersion = 10.0.40219.1
Project("{FAE04EC0-301F-11D3-BF4B-00C04F79EFBC}") = "API", "API\API.csproj", "{F5B495ED-1CBB-4B41-8C1A-AEE71892370F}"
EndProject
Project("{54A90642-561A-4BB1-A94E-469ADEE60C69}") = "ui_react", "ui_react\ui_react.esproj", "{D39FCC4E-4C1D-D21D-970D-31CEC19AFFB6}"
EndProject
Project("{E53339B2-1760-4266-BCC7-CA923CBCF16C}") = "docker-compose", "docker-compose.dcproj", "{81DDED9D-158B-E303-5F62-77A2896D2A5A}"
EndProject
Project("{54A90642-561A-4BB1-A94E-469ADEE60C69}") = "ui_angular", "ui_angular\ui_angular.esproj", "{C91A2BF4-CB29-38A6-C9AF-B9D94EB6988A}"
EndProject
Project("{FAE04EC0-301F-11D3-BF4B-00C04F79EFBC}") = "API.Test", "API.Test\API.Test.csproj", "{F418CC7C-18CD-4D0D-83A9-C2F42E9C1826}"
EndProject
Global
	GlobalSection(SolutionConfigurationPlatforms) = preSolution
		Debug|Any CPU = Debug|Any CPU
		Release|Any CPU = Release|Any CPU
	EndGlobalSection
	GlobalSection(ProjectConfigurationPlatforms) = postSolution
		{F5B495ED-1CBB-4B41-8C1A-AEE71892370F}.Debug|Any CPU.ActiveCfg = Debug|Any CPU
		{F5B495ED-1CBB-4B41-8C1A-AEE71892370F}.Debug|Any CPU.Build.0 = Debug|Any CPU
		{F5B495ED-1CBB-4B41-8C1A-AEE71892370F}.Release|Any CPU.ActiveCfg = Release|Any CPU
		{F5B495ED-1CBB-4B41-8C1A-AEE71892370F}.Release|Any CPU.Build.0 = Release|Any CPU
		{D39FCC4E-4C1D-D21D-970D-31CEC19AFFB6}.Debug|Any CPU.ActiveCfg = Debug|Any CPU
		{D39FCC4E-4C1D-D21D-970D-31CEC19AFFB6}.Debug|Any CPU.Build.0 = Debug|Any CPU
		{D39FCC4E-4C1D-D21D-970D-31CEC19AFFB6}.Debug|Any CPU.Deploy.0 = Debug|Any CPU
		{D39FCC4E-4C1D-D21D-970D-31CEC19AFFB6}.Release|Any CPU.ActiveCfg = Release|Any CPU
		{D39FCC4E-4C1D-D21D-970D-31CEC19AFFB6}.Release|Any CPU.Build.0 = Release|Any CPU
		{D39FCC4E-4C1D-D21D-970D-31CEC19AFFB6}.Release|Any CPU.Deploy.0 = Release|Any CPU
		{81DDED9D-158B-E303-5F62-77A2896D2A5A}.Debug|Any CPU.ActiveCfg = Debug|Any CPU
		{81DDED9D-158B-E303-5F62-77A2896D2A5A}.Debug|Any CPU.Build.0 = Debug|Any CPU
		{81DDED9D-158B-E303-5F62-77A2896D2A5A}.Release|Any CPU.ActiveCfg = Release|Any CPU
		{81DDED9D-158B-E303-5F62-77A2896D2A5A}.Release|Any CPU.Build.0 = Release|Any CPU
		{C91A2BF4-CB29-38A6-C9AF-B9D94EB6988A}.Debug|Any CPU.ActiveCfg = Debug|Any CPU
		{C91A2BF4-CB29-38A6-C9AF-B9D94EB6988A}.Debug|Any CPU.Build.0 = Debug|Any CPU
		{C91A2BF4-CB29-38A6-C9AF-B9D94EB6988A}.Debug|Any CPU.Deploy.0 = Debug|Any CPU
		{C91A2BF4-CB29-38A6-C9AF-B9D94EB6988A}.Release|Any CPU.ActiveCfg = Release|Any CPU
		{C91A2BF4-CB29-38A6-C9AF-B9D94EB6988A}.Release|Any CPU.Build.0 = Release|Any CPU
		{C91A2BF4-CB29-38A6-C9AF-B9D94EB6988A}.Release|Any CPU.Deploy.0 = Release|Any CPU
		{F418CC7C-18CD-4D0D-83A9-C2F42E9C1826}.Debug|Any CPU.ActiveCfg = Debug|Any CPU
		{F418CC7C-18CD-4D0D-83A9-C2F42E9C1826}.Debug|Any CPU.Build.0 = Debug|Any CPU
		{F418CC7C-18CD-4D0D-83A9-C2F42E9C1826}.Release|Any CPU.ActiveCfg = Release|Any CPU
		{F418CC7C-18CD-4D0D-83A9-C2F42E9C1826}.Release|Any CPU.Build.0 = Release|Any CPU
	EndGlobalSection
	GlobalSection(SolutionProperties) = preSolution
		HideSolutionNode = FALSE
	EndGlobalSection
	GlobalSection(ExtensibilityGlobals) = postSolution
		SolutionGuid = {4C9C6440-3954-4D17-9886-207884B36189}
	EndGlobalSection
EndGlobal
